
Microsoft Visual Studio Solution File, Format Version 12.00
# Visual Studio Version 16
VisualStudioVersion = 16.0.29806.167
MinimumVisualStudioVersion = 10.0.40219.1
Project("{FAE04EC0-301F-11D3-BF4B-00C04F79EFBC}") = "Laboratiorio1", "Laboratiorio1\Laboratiorio1.csproj", "{C0A165E6-9BED-47DE-9B2E-68B3259EF127}"
EndProject
Global
	GlobalSection(SolutionConfigurationPlatforms) = preSolution
		Debug|Any CPU = Debug|Any CPU
		Release|Any CPU = Release|Any CPU
	EndGlobalSection
	GlobalSection(ProjectConfigurationPlatforms) = postSolution
		{C0A165E6-9BED-47DE-9B2E-68B3259EF127}.Debug|Any CPU.ActiveCfg = Debug|Any CPU
		{C0A165E6-9BED-47DE-9B2E-68B3259EF127}.Debug|Any CPU.Build.0 = Debug|Any CPU
		{C0A165E6-9BED-47DE-9B2E-68B3259EF127}.Release|Any CPU.ActiveCfg = Release|Any CPU
		{C0A165E6-9BED-47DE-9B2E-68B3259EF127}.Release|Any CPU.Build.0 = Release|Any CPU
	EndGlobalSection
	GlobalSection(SolutionProperties) = preSolution
		HideSolutionNode = FALSE
	EndGlobalSection
	GlobalSection(ExtensibilityGlobals) = postSolution
		SolutionGuid = {1396C6D9-6784-434E-9A51-9FA2BAAD1756}
	EndGlobalSection
EndGlobal
